// !$*UTF8*$!
{
	archiveVersion = 1;
	classes = {
	};
	objectVersion = 46;
	objects = {

/* Begin PBXBuildFile section */
		0F0EB6EB1A5E16B300E2A25B /* LoadingView.swift in Sources */ = {isa = PBXBuildFile; fileRef = 0F0EB6EA1A5E16B300E2A25B /* LoadingView.swift */; };
		0F1B9EE319C4DD7A00CD64FD /* AppDelegate.swift in Sources */ = {isa = PBXBuildFile; fileRef = 0F1B9EE219C4DD7A00CD64FD /* AppDelegate.swift */; };
		0F1B9EEA19C4DD7A00CD64FD /* Main.storyboard in Resources */ = {isa = PBXBuildFile; fileRef = 0F1B9EE819C4DD7A00CD64FD /* Main.storyboard */; };
		0F1B9EEC19C4DD7A00CD64FD /* Images.xcassets in Resources */ = {isa = PBXBuildFile; fileRef = 0F1B9EEB19C4DD7A00CD64FD /* Images.xcassets */; };
		0F1B9EEF19C4DD7A00CD64FD /* LaunchScreen.xib in Resources */ = {isa = PBXBuildFile; fileRef = 0F1B9EED19C4DD7A00CD64FD /* LaunchScreen.xib */; };
		0F24FB401A53BD5C00201C31 /* SocialGraphController.swift in Sources */ = {isa = PBXBuildFile; fileRef = 0F24FB3F1A53BD5C00201C31 /* SocialGraphController.swift */; };
		0F37CA1919C5151E007A6951 /* CouplrSettingsManager.swift in Sources */ = {isa = PBXBuildFile; fileRef = 0F37CA1819C5151E007A6951 /* CouplrSettingsManager.swift */; };
		0F37CA1D19C52455007A6951 /* CouplrLoginErrorHandler.swift in Sources */ = {isa = PBXBuildFile; fileRef = 0F37CA1C19C52455007A6951 /* CouplrLoginErrorHandler.swift */; };
		0F37CA2219C53954007A6951 /* ProfileViewController.swift in Sources */ = {isa = PBXBuildFile; fileRef = 0F37CA2119C53954007A6951 /* ProfileViewController.swift */; };
		0F5A034C19C4E06A0050DC9F /* LoginViewController.swift in Sources */ = {isa = PBXBuildFile; fileRef = 0F5A034B19C4E06A0050DC9F /* LoginViewController.swift */; };
		0F6074F51A4FDF2A0045B5C3 /* FacebookSDK.framework in Frameworks */ = {isa = PBXBuildFile; fileRef = 0F6074F41A4FDF2A0045B5C3 /* FacebookSDK.framework */; };
		0F9C98891A539E0A004CAC4D /* ProfilePictureImageView.swift in Sources */ = {isa = PBXBuildFile; fileRef = 0F9C98881A539E0A004CAC4D /* ProfilePictureImageView.swift */; };
		0F9F1CBF1A5CFB7300E683A1 /* FXBlurView.m in Sources */ = {isa = PBXBuildFile; fileRef = 0F9F1CBE1A5CFB7300E683A1 /* FXBlurView.m */; };
		0FA10B3F1A53816B007A5A9D /* ProfilePictureCollectionViewCell.swift in Sources */ = {isa = PBXBuildFile; fileRef = 0FA10B3E1A53816B007A5A9D /* ProfilePictureCollectionViewCell.swift */; };
		0FDD9F6F1A5BA0E700927558 /* ProfileDetailView.swift in Sources */ = {isa = PBXBuildFile; fileRef = 0FDD9F6E1A5BA0E700927558 /* ProfileDetailView.swift */; };
		0FE7AAF51A5C5D9000398B0E /* ProfileViewControllerTableViewCell.swift in Sources */ = {isa = PBXBuildFile; fileRef = 0FE7AAF41A5C5D9000398B0E /* ProfileViewControllerTableViewCell.swift */; };
		0FF11BDC1A50C42D00C14FDC /* UtilityFunctions.swift in Sources */ = {isa = PBXBuildFile; fileRef = 0FF11BDB1A50C42D00C14FDC /* UtilityFunctions.swift */; };
		0FF11BDE1A50C45600C14FDC /* GlobalConstants.swift in Sources */ = {isa = PBXBuildFile; fileRef = 0FF11BDD1A50C45600C14FDC /* GlobalConstants.swift */; };
		0FF11BE11A50C55500C14FDC /* MatchViewController.swift in Sources */ = {isa = PBXBuildFile; fileRef = 0FF11BE01A50C55500C14FDC /* MatchViewController.swift */; };
		0FF11BE41A50C63C00C14FDC /* PickerView.swift in Sources */ = {isa = PBXBuildFile; fileRef = 0FF11BE31A50C63C00C14FDC /* PickerView.swift */; };
		0FFBA3041A562D4E00A95F66 /* CouplrNavigationController.swift in Sources */ = {isa = PBXBuildFile; fileRef = 0FFBA3031A562D4E00A95F66 /* CouplrNavigationController.swift */; };
		F43D50731A536CC2000E09CE /* GraphBuilder.swift in Sources */ = {isa = PBXBuildFile; fileRef = F43D50721A536CC2000E09CE /* GraphBuilder.swift */; };
		F461AE1B1A5CB2FE0066FF44 /* MatchGraphController.swift in Sources */ = {isa = PBXBuildFile; fileRef = F461AE1A1A5CB2FE0066FF44 /* MatchGraphController.swift */; };
		F4973F0B1A50E31700FEA3B0 /* SocialGraph.swift in Sources */ = {isa = PBXBuildFile; fileRef = F4973F0A1A50E31700FEA3B0 /* SocialGraph.swift */; };
		F4C911BB1A5A764300D2CB11 /* MatchGraph.swift in Sources */ = {isa = PBXBuildFile; fileRef = F4C911BA1A5A764300D2CB11 /* MatchGraph.swift */; };
		F4EE3AA41A5786F100A49F32 /* AudioToolbox.framework in Frameworks */ = {isa = PBXBuildFile; fileRef = F4EE3AA31A5786F100A49F32 /* AudioToolbox.framework */; };
		F4EE3AA61A5786FA00A49F32 /* CFNetwork.framework in Frameworks */ = {isa = PBXBuildFile; fileRef = F4EE3AA51A5786FA00A49F32 /* CFNetwork.framework */; };
		F4EE3AA81A57870300A49F32 /* CoreGraphics.framework in Frameworks */ = {isa = PBXBuildFile; fileRef = F4EE3AA71A57870300A49F32 /* CoreGraphics.framework */; };
		F4EE3AAA1A57870F00A49F32 /* CoreLocation.framework in Frameworks */ = {isa = PBXBuildFile; fileRef = F4EE3AA91A57870F00A49F32 /* CoreLocation.framework */; };
		F4EE3AAC1A57871700A49F32 /* MobileCoreServices.framework in Frameworks */ = {isa = PBXBuildFile; fileRef = F4EE3AAB1A57871700A49F32 /* MobileCoreServices.framework */; };
		F4EE3AAE1A57872000A49F32 /* QuartzCore.framework in Frameworks */ = {isa = PBXBuildFile; fileRef = F4EE3AAD1A57872000A49F32 /* QuartzCore.framework */; };
		F4EE3AB01A57872900A49F32 /* Security.framework in Frameworks */ = {isa = PBXBuildFile; fileRef = F4EE3AAF1A57872900A49F32 /* Security.framework */; };
		F4EE3AB21A57873100A49F32 /* StoreKit.framework in Frameworks */ = {isa = PBXBuildFile; fileRef = F4EE3AB11A57873100A49F32 /* StoreKit.framework */; };
		F4EE3AB41A57873900A49F32 /* SystemConfiguration.framework in Frameworks */ = {isa = PBXBuildFile; fileRef = F4EE3AB31A57873900A49F32 /* SystemConfiguration.framework */; };
		F4EE3AB61A57874400A49F32 /* libz.dylib in Frameworks */ = {isa = PBXBuildFile; fileRef = F4EE3AB51A57874400A49F32 /* libz.dylib */; };
		F4EE3AB81A57874D00A49F32 /* libsqlite3.dylib in Frameworks */ = {isa = PBXBuildFile; fileRef = F4EE3AB71A57874D00A49F32 /* libsqlite3.dylib */; };
		F4EE3ABC1A57891D00A49F32 /* Social.framework in Frameworks */ = {isa = PBXBuildFile; fileRef = F4EE3ABB1A57891D00A49F32 /* Social.framework */; };
		F4EE3ABF1A57897800A49F32 /* Accounts.framework in Frameworks */ = {isa = PBXBuildFile; fileRef = F4EE3ABD1A57894900A49F32 /* Accounts.framework */; };
		F4EE3AC11A57BD9C00A49F32 /* Parse.framework in Frameworks */ = {isa = PBXBuildFile; fileRef = F4EE3AC01A57BD9C00A49F32 /* Parse.framework */; };
		F4F0DC771A630AA9007FC931 /* CoreData.framework in Frameworks */ = {isa = PBXBuildFile; fileRef = F4F0DC761A630AA9007FC931 /* CoreData.framework */; };
		F4F0DC7D1A630DBA007FC931 /* CouplrData.xcdatamodeld in Sources */ = {isa = PBXBuildFile; fileRef = F4F0DC7B1A630DBA007FC931 /* CouplrData.xcdatamodeld */; };
		F4F0DCE91A63335B007FC931 /* CouplrStorage.swift in Sources */ = {isa = PBXBuildFile; fileRef = F4F0DCE81A63335B007FC931 /* CouplrStorage.swift */; };
/* End PBXBuildFile section */

/* Begin PBXContainerItemProxy section */
		0F1B9EF519C4DD7A00CD64FD /* PBXContainerItemProxy */ = {
			isa = PBXContainerItemProxy;
			containerPortal = 0F1B9ED519C4DD7A00CD64FD /* Project object */;
			proxyType = 1;
			remoteGlobalIDString = 0F1B9EDC19C4DD7A00CD64FD;
			remoteInfo = "couplr-ios";
		};
/* End PBXContainerItemProxy section */

/* Begin PBXFileReference section */
		0F0EB6EA1A5E16B300E2A25B /* LoadingView.swift */ = {isa = PBXFileReference; fileEncoding = 4; lastKnownFileType = sourcecode.swift; path = LoadingView.swift; sourceTree = "<group>"; };
		0F1B9EDD19C4DD7A00CD64FD /* couplr-ios.app */ = {isa = PBXFileReference; explicitFileType = wrapper.application; includeInIndex = 0; path = "couplr-ios.app"; sourceTree = BUILT_PRODUCTS_DIR; };
		0F1B9EE119C4DD7A00CD64FD /* Info.plist */ = {isa = PBXFileReference; lastKnownFileType = text.plist.xml; path = Info.plist; sourceTree = "<group>"; };
		0F1B9EE219C4DD7A00CD64FD /* AppDelegate.swift */ = {isa = PBXFileReference; lastKnownFileType = sourcecode.swift; path = AppDelegate.swift; sourceTree = "<group>"; };
		0F1B9EE919C4DD7A00CD64FD /* Base */ = {isa = PBXFileReference; lastKnownFileType = file.storyboard; name = Base; path = Base.lproj/Main.storyboard; sourceTree = "<group>"; };
		0F1B9EEB19C4DD7A00CD64FD /* Images.xcassets */ = {isa = PBXFileReference; lastKnownFileType = folder.assetcatalog; path = Images.xcassets; sourceTree = "<group>"; };
		0F1B9EEE19C4DD7A00CD64FD /* Base */ = {isa = PBXFileReference; lastKnownFileType = file.xib; name = Base; path = Base.lproj/LaunchScreen.xib; sourceTree = "<group>"; };
		0F1B9EF419C4DD7A00CD64FD /* couplr-iosTests.xctest */ = {isa = PBXFileReference; explicitFileType = wrapper.cfbundle; includeInIndex = 0; path = "couplr-iosTests.xctest"; sourceTree = BUILT_PRODUCTS_DIR; };
		0F24FB3F1A53BD5C00201C31 /* SocialGraphController.swift */ = {isa = PBXFileReference; fileEncoding = 4; lastKnownFileType = sourcecode.swift; path = SocialGraphController.swift; sourceTree = "<group>"; };
		0F37CA1819C5151E007A6951 /* CouplrSettingsManager.swift */ = {isa = PBXFileReference; fileEncoding = 4; lastKnownFileType = sourcecode.swift; path = CouplrSettingsManager.swift; sourceTree = "<group>"; };
		0F37CA1C19C52455007A6951 /* CouplrLoginErrorHandler.swift */ = {isa = PBXFileReference; fileEncoding = 4; lastKnownFileType = sourcecode.swift; path = CouplrLoginErrorHandler.swift; sourceTree = "<group>"; };
		0F37CA2119C53954007A6951 /* ProfileViewController.swift */ = {isa = PBXFileReference; fileEncoding = 4; lastKnownFileType = sourcecode.swift; path = ProfileViewController.swift; sourceTree = "<group>"; };
		0F5A034B19C4E06A0050DC9F /* LoginViewController.swift */ = {isa = PBXFileReference; fileEncoding = 4; lastKnownFileType = sourcecode.swift; path = LoginViewController.swift; sourceTree = "<group>"; };
		0F5A034E19C4E1860050DC9F /* Bridging-Header.h */ = {isa = PBXFileReference; lastKnownFileType = sourcecode.c.h; path = "Bridging-Header.h"; sourceTree = "<group>"; };
		0F6074F41A4FDF2A0045B5C3 /* FacebookSDK.framework */ = {isa = PBXFileReference; lastKnownFileType = wrapper.framework; name = FacebookSDK.framework; path = ../FacebookSDK/FacebookSDK.framework; sourceTree = "<group>"; };
		0F9C98881A539E0A004CAC4D /* ProfilePictureImageView.swift */ = {isa = PBXFileReference; fileEncoding = 4; lastKnownFileType = sourcecode.swift; path = ProfilePictureImageView.swift; sourceTree = "<group>"; };
		0F9F1CBD1A5CFB7300E683A1 /* FXBlurView.h */ = {isa = PBXFileReference; fileEncoding = 4; lastKnownFileType = sourcecode.c.h; path = FXBlurView.h; sourceTree = "<group>"; };
		0F9F1CBE1A5CFB7300E683A1 /* FXBlurView.m */ = {isa = PBXFileReference; fileEncoding = 4; lastKnownFileType = sourcecode.c.objc; path = FXBlurView.m; sourceTree = "<group>"; };
		0FA10B3E1A53816B007A5A9D /* ProfilePictureCollectionViewCell.swift */ = {isa = PBXFileReference; fileEncoding = 4; lastKnownFileType = sourcecode.swift; path = ProfilePictureCollectionViewCell.swift; sourceTree = "<group>"; };
		0FDD9F6E1A5BA0E700927558 /* ProfileDetailView.swift */ = {isa = PBXFileReference; fileEncoding = 4; lastKnownFileType = sourcecode.swift; path = ProfileDetailView.swift; sourceTree = "<group>"; };
		0FE7AAF41A5C5D9000398B0E /* ProfileViewControllerTableViewCell.swift */ = {isa = PBXFileReference; fileEncoding = 4; lastKnownFileType = sourcecode.swift; path = ProfileViewControllerTableViewCell.swift; sourceTree = "<group>"; };
		0FF11BDB1A50C42D00C14FDC /* UtilityFunctions.swift */ = {isa = PBXFileReference; fileEncoding = 4; lastKnownFileType = sourcecode.swift; path = UtilityFunctions.swift; sourceTree = "<group>"; };
		0FF11BDD1A50C45600C14FDC /* GlobalConstants.swift */ = {isa = PBXFileReference; fileEncoding = 4; lastKnownFileType = sourcecode.swift; path = GlobalConstants.swift; sourceTree = "<group>"; };
		0FF11BE01A50C55500C14FDC /* MatchViewController.swift */ = {isa = PBXFileReference; fileEncoding = 4; lastKnownFileType = sourcecode.swift; path = MatchViewController.swift; sourceTree = "<group>"; };
		0FF11BE31A50C63C00C14FDC /* PickerView.swift */ = {isa = PBXFileReference; fileEncoding = 4; lastKnownFileType = sourcecode.swift; path = PickerView.swift; sourceTree = "<group>"; };
		0FFBA3031A562D4E00A95F66 /* CouplrNavigationController.swift */ = {isa = PBXFileReference; fileEncoding = 4; lastKnownFileType = sourcecode.swift; path = CouplrNavigationController.swift; sourceTree = "<group>"; };
		F43D50721A536CC2000E09CE /* GraphBuilder.swift */ = {isa = PBXFileReference; fileEncoding = 4; lastKnownFileType = sourcecode.swift; path = GraphBuilder.swift; sourceTree = "<group>"; };
		F461AE1A1A5CB2FE0066FF44 /* MatchGraphController.swift */ = {isa = PBXFileReference; fileEncoding = 4; lastKnownFileType = sourcecode.swift; path = MatchGraphController.swift; sourceTree = "<group>"; };
		F4973F0A1A50E31700FEA3B0 /* SocialGraph.swift */ = {isa = PBXFileReference; fileEncoding = 4; lastKnownFileType = sourcecode.swift; path = SocialGraph.swift; sourceTree = "<group>"; };
		F4C911BA1A5A764300D2CB11 /* MatchGraph.swift */ = {isa = PBXFileReference; fileEncoding = 4; lastKnownFileType = sourcecode.swift; path = MatchGraph.swift; sourceTree = "<group>"; };
		F4EE3AA31A5786F100A49F32 /* AudioToolbox.framework */ = {isa = PBXFileReference; lastKnownFileType = wrapper.framework; name = AudioToolbox.framework; path = System/Library/Frameworks/AudioToolbox.framework; sourceTree = SDKROOT; };
		F4EE3AA51A5786FA00A49F32 /* CFNetwork.framework */ = {isa = PBXFileReference; lastKnownFileType = wrapper.framework; name = CFNetwork.framework; path = System/Library/Frameworks/CFNetwork.framework; sourceTree = SDKROOT; };
		F4EE3AA71A57870300A49F32 /* CoreGraphics.framework */ = {isa = PBXFileReference; lastKnownFileType = wrapper.framework; name = CoreGraphics.framework; path = System/Library/Frameworks/CoreGraphics.framework; sourceTree = SDKROOT; };
		F4EE3AA91A57870F00A49F32 /* CoreLocation.framework */ = {isa = PBXFileReference; lastKnownFileType = wrapper.framework; name = CoreLocation.framework; path = System/Library/Frameworks/CoreLocation.framework; sourceTree = SDKROOT; };
		F4EE3AAB1A57871700A49F32 /* MobileCoreServices.framework */ = {isa = PBXFileReference; lastKnownFileType = wrapper.framework; name = MobileCoreServices.framework; path = System/Library/Frameworks/MobileCoreServices.framework; sourceTree = SDKROOT; };
		F4EE3AAD1A57872000A49F32 /* QuartzCore.framework */ = {isa = PBXFileReference; lastKnownFileType = wrapper.framework; name = QuartzCore.framework; path = System/Library/Frameworks/QuartzCore.framework; sourceTree = SDKROOT; };
		F4EE3AAF1A57872900A49F32 /* Security.framework */ = {isa = PBXFileReference; lastKnownFileType = wrapper.framework; name = Security.framework; path = System/Library/Frameworks/Security.framework; sourceTree = SDKROOT; };
		F4EE3AB11A57873100A49F32 /* StoreKit.framework */ = {isa = PBXFileReference; lastKnownFileType = wrapper.framework; name = StoreKit.framework; path = System/Library/Frameworks/StoreKit.framework; sourceTree = SDKROOT; };
		F4EE3AB31A57873900A49F32 /* SystemConfiguration.framework */ = {isa = PBXFileReference; lastKnownFileType = wrapper.framework; name = SystemConfiguration.framework; path = System/Library/Frameworks/SystemConfiguration.framework; sourceTree = SDKROOT; };
		F4EE3AB51A57874400A49F32 /* libz.dylib */ = {isa = PBXFileReference; lastKnownFileType = "compiled.mach-o.dylib"; name = libz.dylib; path = usr/lib/libz.dylib; sourceTree = SDKROOT; };
		F4EE3AB71A57874D00A49F32 /* libsqlite3.dylib */ = {isa = PBXFileReference; lastKnownFileType = "compiled.mach-o.dylib"; name = libsqlite3.dylib; path = usr/lib/libsqlite3.dylib; sourceTree = SDKROOT; };
		F4EE3ABB1A57891D00A49F32 /* Social.framework */ = {isa = PBXFileReference; lastKnownFileType = wrapper.framework; name = Social.framework; path = System/Library/Frameworks/Social.framework; sourceTree = SDKROOT; };
		F4EE3ABD1A57894900A49F32 /* Accounts.framework */ = {isa = PBXFileReference; lastKnownFileType = wrapper.framework; name = Accounts.framework; path = System/Library/Frameworks/Accounts.framework; sourceTree = SDKROOT; };
		F4EE3AC01A57BD9C00A49F32 /* Parse.framework */ = {isa = PBXFileReference; lastKnownFileType = wrapper.framework; name = Parse.framework; path = ../Parse/Parse.framework; sourceTree = "<group>"; };
		F4F0DC761A630AA9007FC931 /* CoreData.framework */ = {isa = PBXFileReference; lastKnownFileType = wrapper.framework; name = CoreData.framework; path = System/Library/Frameworks/CoreData.framework; sourceTree = SDKROOT; };
		F4F0DC7C1A630DBA007FC931 /* CouplrData.xcdatamodel */ = {isa = PBXFileReference; lastKnownFileType = wrapper.xcdatamodel; path = CouplrData.xcdatamodel; sourceTree = "<group>"; };
		F4F0DCE81A63335B007FC931 /* CouplrStorage.swift */ = {isa = PBXFileReference; fileEncoding = 4; lastKnownFileType = sourcecode.swift; path = CouplrStorage.swift; sourceTree = "<group>"; };
/* End PBXFileReference section */

/* Begin PBXFrameworksBuildPhase section */
		0F1B9EDA19C4DD7A00CD64FD /* Frameworks */ = {
			isa = PBXFrameworksBuildPhase;
			buildActionMask = 2147483647;
			files = (
				F4F0DC771A630AA9007FC931 /* CoreData.framework in Frameworks */,
				F4EE3AC11A57BD9C00A49F32 /* Parse.framework in Frameworks */,
				F4EE3ABF1A57897800A49F32 /* Accounts.framework in Frameworks */,
				F4EE3ABC1A57891D00A49F32 /* Social.framework in Frameworks */,
				F4EE3AB41A57873900A49F32 /* SystemConfiguration.framework in Frameworks */,
				F4EE3AB21A57873100A49F32 /* StoreKit.framework in Frameworks */,
				F4EE3AB01A57872900A49F32 /* Security.framework in Frameworks */,
				F4EE3AAE1A57872000A49F32 /* QuartzCore.framework in Frameworks */,
				F4EE3AAC1A57871700A49F32 /* MobileCoreServices.framework in Frameworks */,
				F4EE3AAA1A57870F00A49F32 /* CoreLocation.framework in Frameworks */,
				F4EE3AA81A57870300A49F32 /* CoreGraphics.framework in Frameworks */,
				F4EE3AA61A5786FA00A49F32 /* CFNetwork.framework in Frameworks */,
				F4EE3AA41A5786F100A49F32 /* AudioToolbox.framework in Frameworks */,
				0F6074F51A4FDF2A0045B5C3 /* FacebookSDK.framework in Frameworks */,
				F4EE3AB61A57874400A49F32 /* libz.dylib in Frameworks */,
				F4EE3AB81A57874D00A49F32 /* libsqlite3.dylib in Frameworks */,
			);
			runOnlyForDeploymentPostprocessing = 0;
		};
		0F1B9EF119C4DD7A00CD64FD /* Frameworks */ = {
			isa = PBXFrameworksBuildPhase;
			buildActionMask = 2147483647;
			files = (
			);
			runOnlyForDeploymentPostprocessing = 0;
		};
/* End PBXFrameworksBuildPhase section */

/* Begin PBXGroup section */
		0F1B9ED419C4DD7900CD64FD = {
			isa = PBXGroup;
			children = (
				F4F0DC761A630AA9007FC931 /* CoreData.framework */,
				0F1B9EDF19C4DD7A00CD64FD /* couplr-ios */,
				0F1B9EDE19C4DD7A00CD64FD /* Products */,
			);
			sourceTree = "<group>";
		};
		0F1B9EDE19C4DD7A00CD64FD /* Products */ = {
			isa = PBXGroup;
			children = (
				0F1B9EDD19C4DD7A00CD64FD /* couplr-ios.app */,
				0F1B9EF419C4DD7A00CD64FD /* couplr-iosTests.xctest */,
			);
			name = Products;
			sourceTree = "<group>";
		};
		0F1B9EDF19C4DD7A00CD64FD /* couplr-ios */ = {
			isa = PBXGroup;
			children = (
				F4973F091A50E30100FEA3B0 /* Data */,
				0FF11BE21A50C62200C14FDC /* Generic Views */,
				0FF11BD81A50B6E300C14FDC /* Utilities */,
				0FF11BDF1A50C52300C14FDC /* Match */,
				0F37CA2019C53923007A6951 /* Profile */,
				0F859B4319C4EB09000FB737 /* Login */,
				0F1B9EE219C4DD7A00CD64FD /* AppDelegate.swift */,
				0F5A034E19C4E1860050DC9F /* Bridging-Header.h */,
				0F1B9EE819C4DD7A00CD64FD /* Main.storyboard */,
				0F1B9EED19C4DD7A00CD64FD /* LaunchScreen.xib */,
				0F1B9EEB19C4DD7A00CD64FD /* Images.xcassets */,
				0F1B9F0419C4DE0C00CD64FD /* Frameworks */,
				0F1B9EE019C4DD7A00CD64FD /* Supporting Files */,
				F4F0DC7B1A630DBA007FC931 /* CouplrData.xcdatamodeld */,
			);
			path = "couplr-ios";
			sourceTree = "<group>";
		};
		0F1B9EE019C4DD7A00CD64FD /* Supporting Files */ = {
			isa = PBXGroup;
			children = (
				0F1B9EE119C4DD7A00CD64FD /* Info.plist */,
			);
			name = "Supporting Files";
			sourceTree = "<group>";
		};
		0F1B9F0419C4DE0C00CD64FD /* Frameworks */ = {
			isa = PBXGroup;
			children = (
				F4EE3AC01A57BD9C00A49F32 /* Parse.framework */,
				F4EE3ABD1A57894900A49F32 /* Accounts.framework */,
				F4EE3ABB1A57891D00A49F32 /* Social.framework */,
				F4EE3AB71A57874D00A49F32 /* libsqlite3.dylib */,
				F4EE3AB51A57874400A49F32 /* libz.dylib */,
				F4EE3AB31A57873900A49F32 /* SystemConfiguration.framework */,
				F4EE3AB11A57873100A49F32 /* StoreKit.framework */,
				F4EE3AAF1A57872900A49F32 /* Security.framework */,
				F4EE3AAD1A57872000A49F32 /* QuartzCore.framework */,
				F4EE3AAB1A57871700A49F32 /* MobileCoreServices.framework */,
				F4EE3AA91A57870F00A49F32 /* CoreLocation.framework */,
				F4EE3AA71A57870300A49F32 /* CoreGraphics.framework */,
				F4EE3AA51A5786FA00A49F32 /* CFNetwork.framework */,
				F4EE3AA31A5786F100A49F32 /* AudioToolbox.framework */,
				0F6074F41A4FDF2A0045B5C3 /* FacebookSDK.framework */,
			);
			name = Frameworks;
			sourceTree = "<group>";
		};
		0F37CA2019C53923007A6951 /* Profile */ = {
			isa = PBXGroup;
			children = (
				0F37CA2119C53954007A6951 /* ProfileViewController.swift */,
			);
			name = Profile;
			sourceTree = "<group>";
		};
		0F859B4319C4EB09000FB737 /* Login */ = {
			isa = PBXGroup;
			children = (
				0F5A034B19C4E06A0050DC9F /* LoginViewController.swift */,
				0F37CA1819C5151E007A6951 /* CouplrSettingsManager.swift */,
				0F37CA1C19C52455007A6951 /* CouplrLoginErrorHandler.swift */,
			);
			name = Login;
			sourceTree = "<group>";
		};
		0F9F1CBC1A5CFB7300E683A1 /* FXBlurView */ = {
			isa = PBXGroup;
			children = (
				0F9F1CBD1A5CFB7300E683A1 /* FXBlurView.h */,
				0F9F1CBE1A5CFB7300E683A1 /* FXBlurView.m */,
			);
			path = FXBlurView;
			sourceTree = "<group>";
		};
		0FF11BD81A50B6E300C14FDC /* Utilities */ = {
			isa = PBXGroup;
			children = (
				0FF11BDB1A50C42D00C14FDC /* UtilityFunctions.swift */,
				0FF11BDD1A50C45600C14FDC /* GlobalConstants.swift */,
			);
			name = Utilities;
			sourceTree = "<group>";
		};
		0FF11BDF1A50C52300C14FDC /* Match */ = {
			isa = PBXGroup;
			children = (
				0FF11BE01A50C55500C14FDC /* MatchViewController.swift */,
			);
			name = Match;
			sourceTree = "<group>";
		};
		0FF11BE21A50C62200C14FDC /* Generic Views */ = {
			isa = PBXGroup;
			children = (
				0F9F1CBC1A5CFB7300E683A1 /* FXBlurView */,
				0FF11BE31A50C63C00C14FDC /* PickerView.swift */,
				0FA10B3E1A53816B007A5A9D /* ProfilePictureCollectionViewCell.swift */,
				0F9C98881A539E0A004CAC4D /* ProfilePictureImageView.swift */,
				0FFBA3031A562D4E00A95F66 /* CouplrNavigationController.swift */,
				0FDD9F6E1A5BA0E700927558 /* ProfileDetailView.swift */,
				0FE7AAF41A5C5D9000398B0E /* ProfileViewControllerTableViewCell.swift */,
				0F0EB6EA1A5E16B300E2A25B /* LoadingView.swift */,
			);
			name = "Generic Views";
			sourceTree = "<group>";
		};
		F4973F091A50E30100FEA3B0 /* Data */ = {
			isa = PBXGroup;
			children = (
				F4F0DCE81A63335B007FC931 /* CouplrStorage.swift */,
				F4973F0A1A50E31700FEA3B0 /* SocialGraph.swift */,
				F43D50721A536CC2000E09CE /* GraphBuilder.swift */,
				0F24FB3F1A53BD5C00201C31 /* SocialGraphController.swift */,
				F4C911BA1A5A764300D2CB11 /* MatchGraph.swift */,
				F461AE1A1A5CB2FE0066FF44 /* MatchGraphController.swift */,
			);
			name = Data;
			sourceTree = "<group>";
		};
/* End PBXGroup section */

/* Begin PBXNativeTarget section */
		0F1B9EDC19C4DD7A00CD64FD /* couplr-ios */ = {
			isa = PBXNativeTarget;
			buildConfigurationList = 0F1B9EFE19C4DD7A00CD64FD /* Build configuration list for PBXNativeTarget "couplr-ios" */;
			buildPhases = (
				0F1B9ED919C4DD7A00CD64FD /* Sources */,
				0F1B9EDA19C4DD7A00CD64FD /* Frameworks */,
				0F1B9EDB19C4DD7A00CD64FD /* Resources */,
			);
			buildRules = (
			);
			dependencies = (
			);
			name = "couplr-ios";
			productName = "couplr-ios";
			productReference = 0F1B9EDD19C4DD7A00CD64FD /* couplr-ios.app */;
			productType = "com.apple.product-type.application";
		};
		0F1B9EF319C4DD7A00CD64FD /* couplr-iosTests */ = {
			isa = PBXNativeTarget;
			buildConfigurationList = 0F1B9F0119C4DD7A00CD64FD /* Build configuration list for PBXNativeTarget "couplr-iosTests" */;
			buildPhases = (
				0F1B9EF019C4DD7A00CD64FD /* Sources */,
				0F1B9EF119C4DD7A00CD64FD /* Frameworks */,
				0F1B9EF219C4DD7A00CD64FD /* Resources */,
			);
			buildRules = (
			);
			dependencies = (
				0F1B9EF619C4DD7A00CD64FD /* PBXTargetDependency */,
			);
			name = "couplr-iosTests";
			productName = "couplr-iosTests";
			productReference = 0F1B9EF419C4DD7A00CD64FD /* couplr-iosTests.xctest */;
			productType = "com.apple.product-type.bundle.unit-test";
		};
/* End PBXNativeTarget section */

/* Begin PBXProject section */
		0F1B9ED519C4DD7A00CD64FD /* Project object */ = {
			isa = PBXProject;
			attributes = {
				LastUpgradeCheck = 0600;
				ORGANIZATIONNAME = "Jeremy Bassi";
				TargetAttributes = {
					0F1B9EDC19C4DD7A00CD64FD = {
						CreatedOnToolsVersion = 6.0;
					};
					0F1B9EF319C4DD7A00CD64FD = {
						CreatedOnToolsVersion = 6.0;
						TestTargetID = 0F1B9EDC19C4DD7A00CD64FD;
					};
				};
			};
			buildConfigurationList = 0F1B9ED819C4DD7A00CD64FD /* Build configuration list for PBXProject "couplr-ios" */;
			compatibilityVersion = "Xcode 3.2";
			developmentRegion = English;
			hasScannedForEncodings = 0;
			knownRegions = (
				en,
				Base,
			);
			mainGroup = 0F1B9ED419C4DD7900CD64FD;
			productRefGroup = 0F1B9EDE19C4DD7A00CD64FD /* Products */;
			projectDirPath = "";
			projectRoot = "";
			targets = (
				0F1B9EDC19C4DD7A00CD64FD /* couplr-ios */,
				0F1B9EF319C4DD7A00CD64FD /* couplr-iosTests */,
			);
		};
/* End PBXProject section */

/* Begin PBXResourcesBuildPhase section */
		0F1B9EDB19C4DD7A00CD64FD /* Resources */ = {
			isa = PBXResourcesBuildPhase;
			buildActionMask = 2147483647;
			files = (
				0F1B9EEA19C4DD7A00CD64FD /* Main.storyboard in Resources */,
				0F1B9EEF19C4DD7A00CD64FD /* LaunchScreen.xib in Resources */,
				0F1B9EEC19C4DD7A00CD64FD /* Images.xcassets in Resources */,
			);
			runOnlyForDeploymentPostprocessing = 0;
		};
		0F1B9EF219C4DD7A00CD64FD /* Resources */ = {
			isa = PBXResourcesBuildPhase;
			buildActionMask = 2147483647;
			files = (
			);
			runOnlyForDeploymentPostprocessing = 0;
		};
/* End PBXResourcesBuildPhase section */

/* Begin PBXSourcesBuildPhase section */
		0F1B9ED919C4DD7A00CD64FD /* Sources */ = {
			isa = PBXSourcesBuildPhase;
			buildActionMask = 2147483647;
			files = (
				F4F0DCE91A63335B007FC931 /* CouplrStorage.swift in Sources */,
				0FF11BE11A50C55500C14FDC /* MatchViewController.swift in Sources */,
				0FF11BDC1A50C42D00C14FDC /* UtilityFunctions.swift in Sources */,
				0F9F1CBF1A5CFB7300E683A1 /* FXBlurView.m in Sources */,
				0FF11BE41A50C63C00C14FDC /* PickerView.swift in Sources */,
				0F9C98891A539E0A004CAC4D /* ProfilePictureImageView.swift in Sources */,
				0F37CA1919C5151E007A6951 /* CouplrSettingsManager.swift in Sources */,
				0FDD9F6F1A5BA0E700927558 /* ProfileDetailView.swift in Sources */,
				F43D50731A536CC2000E09CE /* GraphBuilder.swift in Sources */,
				F461AE1B1A5CB2FE0066FF44 /* MatchGraphController.swift in Sources */,
				0F24FB401A53BD5C00201C31 /* SocialGraphController.swift in Sources */,
				0F0EB6EB1A5E16B300E2A25B /* LoadingView.swift in Sources */,
				0F5A034C19C4E06A0050DC9F /* LoginViewController.swift in Sources */,
				F4F0DC7D1A630DBA007FC931 /* CouplrData.xcdatamodeld in Sources */,
				0F37CA2219C53954007A6951 /* ProfileViewController.swift in Sources */,
				0FA10B3F1A53816B007A5A9D /* ProfilePictureCollectionViewCell.swift in Sources */,
				F4C911BB1A5A764300D2CB11 /* MatchGraph.swift in Sources */,
				0FF11BDE1A50C45600C14FDC /* GlobalConstants.swift in Sources */,
				F4973F0B1A50E31700FEA3B0 /* SocialGraph.swift in Sources */,
				0FFBA3041A562D4E00A95F66 /* CouplrNavigationController.swift in Sources */,
				0F37CA1D19C52455007A6951 /* CouplrLoginErrorHandler.swift in Sources */,
				0F1B9EE319C4DD7A00CD64FD /* AppDelegate.swift in Sources */,
				0FE7AAF51A5C5D9000398B0E /* ProfileViewControllerTableViewCell.swift in Sources */,
			);
			runOnlyForDeploymentPostprocessing = 0;
		};
		0F1B9EF019C4DD7A00CD64FD /* Sources */ = {
			isa = PBXSourcesBuildPhase;
			buildActionMask = 2147483647;
			files = (
			);
			runOnlyForDeploymentPostprocessing = 0;
		};
/* End PBXSourcesBuildPhase section */

/* Begin PBXTargetDependency section */
		0F1B9EF619C4DD7A00CD64FD /* PBXTargetDependency */ = {
			isa = PBXTargetDependency;
			target = 0F1B9EDC19C4DD7A00CD64FD /* couplr-ios */;
			targetProxy = 0F1B9EF519C4DD7A00CD64FD /* PBXContainerItemProxy */;
		};
/* End PBXTargetDependency section */

/* Begin PBXVariantGroup section */
		0F1B9EE819C4DD7A00CD64FD /* Main.storyboard */ = {
			isa = PBXVariantGroup;
			children = (
				0F1B9EE919C4DD7A00CD64FD /* Base */,
			);
			name = Main.storyboard;
			sourceTree = "<group>";
		};
		0F1B9EED19C4DD7A00CD64FD /* LaunchScreen.xib */ = {
			isa = PBXVariantGroup;
			children = (
				0F1B9EEE19C4DD7A00CD64FD /* Base */,
			);
			name = LaunchScreen.xib;
			sourceTree = "<group>";
		};
/* End PBXVariantGroup section */

/* Begin XCBuildConfiguration section */
		0F1B9EFC19C4DD7A00CD64FD /* Debug */ = {
			isa = XCBuildConfiguration;
			buildSettings = {
				ALWAYS_SEARCH_USER_PATHS = NO;
				CLANG_CXX_LANGUAGE_STANDARD = "gnu++0x";
				CLANG_CXX_LIBRARY = "libc++";
				CLANG_ENABLE_MODULES = YES;
				CLANG_ENABLE_OBJC_ARC = YES;
				CLANG_WARN_BOOL_CONVERSION = YES;
				CLANG_WARN_CONSTANT_CONVERSION = YES;
				CLANG_WARN_DIRECT_OBJC_ISA_USAGE = YES_ERROR;
				CLANG_WARN_EMPTY_BODY = YES;
				CLANG_WARN_ENUM_CONVERSION = YES;
				CLANG_WARN_INT_CONVERSION = YES;
				CLANG_WARN_OBJC_ROOT_CLASS = YES_ERROR;
				CLANG_WARN_UNREACHABLE_CODE = YES;
				CLANG_WARN__DUPLICATE_METHOD_MATCH = YES;
				"CODE_SIGN_IDENTITY[sdk=iphoneos*]" = "iPhone Developer";
				COPY_PHASE_STRIP = NO;
				ENABLE_STRICT_OBJC_MSGSEND = YES;
				GCC_C_LANGUAGE_STANDARD = gnu99;
				GCC_DYNAMIC_NO_PIC = NO;
				GCC_OPTIMIZATION_LEVEL = 0;
				GCC_PREPROCESSOR_DEFINITIONS = (
					"DEBUG=1",
					"$(inherited)",
				);
				GCC_SYMBOLS_PRIVATE_EXTERN = NO;
				GCC_WARN_64_TO_32_BIT_CONVERSION = YES;
				GCC_WARN_ABOUT_RETURN_TYPE = YES_ERROR;
				GCC_WARN_UNDECLARED_SELECTOR = YES;
				GCC_WARN_UNINITIALIZED_AUTOS = YES_AGGRESSIVE;
				GCC_WARN_UNUSED_FUNCTION = YES;
				GCC_WARN_UNUSED_VARIABLE = YES;
				IPHONEOS_DEPLOYMENT_TARGET = 8.0;
				MTL_ENABLE_DEBUG_INFO = YES;
				ONLY_ACTIVE_ARCH = YES;
				SDKROOT = iphoneos;
				SWIFT_OPTIMIZATION_LEVEL = "-Onone";
			};
			name = Debug;
		};
		0F1B9EFD19C4DD7A00CD64FD /* Release */ = {
			isa = XCBuildConfiguration;
			buildSettings = {
				ALWAYS_SEARCH_USER_PATHS = NO;
				CLANG_CXX_LANGUAGE_STANDARD = "gnu++0x";
				CLANG_CXX_LIBRARY = "libc++";
				CLANG_ENABLE_MODULES = YES;
				CLANG_ENABLE_OBJC_ARC = YES;
				CLANG_WARN_BOOL_CONVERSION = YES;
				CLANG_WARN_CONSTANT_CONVERSION = YES;
				CLANG_WARN_DIRECT_OBJC_ISA_USAGE = YES_ERROR;
				CLANG_WARN_EMPTY_BODY = YES;
				CLANG_WARN_ENUM_CONVERSION = YES;
				CLANG_WARN_INT_CONVERSION = YES;
				CLANG_WARN_OBJC_ROOT_CLASS = YES_ERROR;
				CLANG_WARN_UNREACHABLE_CODE = YES;
				CLANG_WARN__DUPLICATE_METHOD_MATCH = YES;
				"CODE_SIGN_IDENTITY[sdk=iphoneos*]" = "iPhone Developer";
				COPY_PHASE_STRIP = YES;
				ENABLE_NS_ASSERTIONS = NO;
				ENABLE_STRICT_OBJC_MSGSEND = YES;
				GCC_C_LANGUAGE_STANDARD = gnu99;
				GCC_WARN_64_TO_32_BIT_CONVERSION = YES;
				GCC_WARN_ABOUT_RETURN_TYPE = YES_ERROR;
				GCC_WARN_UNDECLARED_SELECTOR = YES;
				GCC_WARN_UNINITIALIZED_AUTOS = YES_AGGRESSIVE;
				GCC_WARN_UNUSED_FUNCTION = YES;
				GCC_WARN_UNUSED_VARIABLE = YES;
				IPHONEOS_DEPLOYMENT_TARGET = 8.0;
				MTL_ENABLE_DEBUG_INFO = NO;
				SDKROOT = iphoneos;
				VALIDATE_PRODUCT = YES;
			};
			name = Release;
		};
		0F1B9EFF19C4DD7A00CD64FD /* Debug */ = {
			isa = XCBuildConfiguration;
			buildSettings = {
				ASSETCATALOG_COMPILER_APPICON_NAME = AppIcon;
				FRAMEWORK_SEARCH_PATHS = (
					"$(inherited)",
					"$(PROJECT_DIR)/couplr-ios/**",
					"$(PROJECT_DIR)/FacebookSDK",
					"$(PROJECT_DIR)/Parse",
				);
				INFOPLIST_FILE = "couplr-ios/Info.plist";
				LD_RUNPATH_SEARCH_PATHS = "$(inherited) @executable_path/Frameworks";
				OTHER_LDFLAGS = "-ObjC";
				PRODUCT_NAME = "$(TARGET_NAME)";
				SWIFT_OBJC_BRIDGING_HEADER = "$(PROJECT_DIR)/couplr-ios/Bridging-Header.h";
			};
			name = Debug;
		};
		0F1B9F0019C4DD7A00CD64FD /* Release */ = {
			isa = XCBuildConfiguration;
			buildSettings = {
				ASSETCATALOG_COMPILER_APPICON_NAME = AppIcon;
				FRAMEWORK_SEARCH_PATHS = (
					"$(inherited)",
					"$(PROJECT_DIR)/couplr-ios/**",
					"$(PROJECT_DIR)/FacebookSDK",
					"$(PROJECT_DIR)/Parse",
				);
				INFOPLIST_FILE = "couplr-ios/Info.plist";
				LD_RUNPATH_SEARCH_PATHS = "$(inherited) @executable_path/Frameworks";
				OTHER_LDFLAGS = "-ObjC";
				PRODUCT_NAME = "$(TARGET_NAME)";
				SWIFT_OBJC_BRIDGING_HEADER = "$(PROJECT_DIR)/couplr-ios/Bridging-Header.h";
			};
			name = Release;
		};
		0F1B9F0219C4DD7A00CD64FD /* Debug */ = {
			isa = XCBuildConfiguration;
			buildSettings = {
				BUNDLE_LOADER = "$(TEST_HOST)";
				FRAMEWORK_SEARCH_PATHS = (
					"$(SDKROOT)/Developer/Library/Frameworks",
					"$(inherited)",
				);
				GCC_PREPROCESSOR_DEFINITIONS = (
					"DEBUG=1",
					"$(inherited)",
				);
				INFOPLIST_FILE = "couplr-iosTests/Info.plist";
				LD_RUNPATH_SEARCH_PATHS = "$(inherited) @executable_path/Frameworks @loader_path/Frameworks";
				PRODUCT_NAME = "$(TARGET_NAME)";
				TEST_HOST = "$(BUILT_PRODUCTS_DIR)/couplr-ios.app/couplr-ios";
			};
			name = Debug;
		};
		0F1B9F0319C4DD7A00CD64FD /* Release */ = {
			isa = XCBuildConfiguration;
			buildSettings = {
				BUNDLE_LOADER = "$(TEST_HOST)";
				FRAMEWORK_SEARCH_PATHS = (
					"$(SDKROOT)/Developer/Library/Frameworks",
					"$(inherited)",
				);
				INFOPLIST_FILE = "couplr-iosTests/Info.plist";
				LD_RUNPATH_SEARCH_PATHS = "$(inherited) @executable_path/Frameworks @loader_path/Frameworks";
				PRODUCT_NAME = "$(TARGET_NAME)";
				TEST_HOST = "$(BUILT_PRODUCTS_DIR)/couplr-ios.app/couplr-ios";
			};
			name = Release;
		};
/* End XCBuildConfiguration section */

/* Begin XCConfigurationList section */
		0F1B9ED819C4DD7A00CD64FD /* Build configuration list for PBXProject "couplr-ios" */ = {
			isa = XCConfigurationList;
			buildConfigurations = (
				0F1B9EFC19C4DD7A00CD64FD /* Debug */,
				0F1B9EFD19C4DD7A00CD64FD /* Release */,
			);
			defaultConfigurationIsVisible = 0;
			defaultConfigurationName = Release;
		};
		0F1B9EFE19C4DD7A00CD64FD /* Build configuration list for PBXNativeTarget "couplr-ios" */ = {
			isa = XCConfigurationList;
			buildConfigurations = (
				0F1B9EFF19C4DD7A00CD64FD /* Debug */,
				0F1B9F0019C4DD7A00CD64FD /* Release */,
			);
			defaultConfigurationIsVisible = 0;
			defaultConfigurationName = Release;
		};
		0F1B9F0119C4DD7A00CD64FD /* Build configuration list for PBXNativeTarget "couplr-iosTests" */ = {
			isa = XCConfigurationList;
			buildConfigurations = (
				0F1B9F0219C4DD7A00CD64FD /* Debug */,
				0F1B9F0319C4DD7A00CD64FD /* Release */,
			);
			defaultConfigurationIsVisible = 0;
			defaultConfigurationName = Release;
		};
/* End XCConfigurationList section */

/* Begin XCVersionGroup section */
		F4F0DC7B1A630DBA007FC931 /* CouplrData.xcdatamodeld */ = {
			isa = XCVersionGroup;
			children = (
				F4F0DC7C1A630DBA007FC931 /* CouplrData.xcdatamodel */,
			);
			currentVersion = F4F0DC7C1A630DBA007FC931 /* CouplrData.xcdatamodel */;
			path = CouplrData.xcdatamodeld;
			sourceTree = "<group>";
			versionGroupType = wrapper.xcdatamodel;
		};
/* End XCVersionGroup section */
	};
	rootObject = 0F1B9ED519C4DD7A00CD64FD /* Project object */;
}
